
Microsoft Visual Studio Solution File, Format Version 12.00
# Visual Studio Version 16
VisualStudioVersion = 16.0.31911.196
MinimumVisualStudioVersion = 10.0.40219.1
Project("{FAE04EC0-301F-11D3-BF4B-00C04F79EFBC}") = "CRME", "CRME\CRME.csproj", "{6B93BF5C-626A-40E0-9257-8A24ACD04878}"
EndProject
Global
	GlobalSection(SolutionConfigurationPlatforms) = preSolution
		Debug|Any CPU = Debug|Any CPU
		Release|Any CPU = Release|Any CPU
	EndGlobalSection
	GlobalSection(ProjectConfigurationPlatforms) = postSolution
		{6B93BF5C-626A-40E0-9257-8A24ACD04878}.Debug|Any CPU.ActiveCfg = Debug|Any CPU
		{6B93BF5C-626A-40E0-9257-8A24ACD04878}.Debug|Any CPU.Build.0 = Debug|Any CPU
		{6B93BF5C-626A-40E0-9257-8A24ACD04878}.Release|Any CPU.ActiveCfg = Release|Any CPU
		{6B93BF5C-626A-40E0-9257-8A24ACD04878}.Release|Any CPU.Build.0 = Release|Any CPU
	EndGlobalSection
	GlobalSection(SolutionProperties) = preSolution
		HideSolutionNode = FALSE
	EndGlobalSection
	GlobalSection(ExtensibilityGlobals) = postSolution
		SolutionGuid = {45C6EBE3-81C1-465B-8CBC-61E1C7571C4A}
	EndGlobalSection
EndGlobal
